
Microsoft Visual Studio Solution File, Format Version 12.00
# Visual Studio 14
VisualStudioVersion = 14.0.23107.0
MinimumVisualStudioVersion = 10.0.40219.1
Project("{FAE04EC0-301F-11D3-BF4B-00C04F79EFBC}") = "PhiScript", "PhiScript\PhiScript.csproj", "{1AD3DB1E-064A-4C3A-B470-9A3FAFA95089}"
EndProject
Project("{FAE04EC0-301F-11D3-BF4B-00C04F79EFBC}") = "PhiScriptExample", "PhiScriptExample\PhiScriptExample.csproj", "{3DA13ABB-3902-4425-BBD7-4FC6F554F993}"
EndProject
Project("{FAE04EC0-301F-11D3-BF4B-00C04F79EFBC}") = "PhiPatcher", "PhiPatcher\PhiPatcher.csproj", "{3B688544-8E74-4826-8898-A0749CA7456A}"
EndProject
Project("{FAE04EC0-301F-11D3-BF4B-00C04F79EFBC}") = "PermissionLandingPadButton", "PermissionLandingPadButton\PermissionLandingPadButton.csproj", "{E699967E-11A2-45FB-ABDD-026A536884A8}"
EndProject
Global
	GlobalSection(SolutionConfigurationPlatforms) = preSolution
		Debug|Any CPU = Debug|Any CPU
		Release|Any CPU = Release|Any CPU
	EndGlobalSection
	GlobalSection(ProjectConfigurationPlatforms) = postSolution
		{1AD3DB1E-064A-4C3A-B470-9A3FAFA95089}.Debug|Any CPU.ActiveCfg = Debug|Any CPU
		{1AD3DB1E-064A-4C3A-B470-9A3FAFA95089}.Debug|Any CPU.Build.0 = Debug|Any CPU
		{1AD3DB1E-064A-4C3A-B470-9A3FAFA95089}.Release|Any CPU.ActiveCfg = Release|Any CPU
		{1AD3DB1E-064A-4C3A-B470-9A3FAFA95089}.Release|Any CPU.Build.0 = Release|Any CPU
		{3DA13ABB-3902-4425-BBD7-4FC6F554F993}.Debug|Any CPU.ActiveCfg = Debug|Any CPU
		{3DA13ABB-3902-4425-BBD7-4FC6F554F993}.Debug|Any CPU.Build.0 = Debug|Any CPU
		{3DA13ABB-3902-4425-BBD7-4FC6F554F993}.Release|Any CPU.ActiveCfg = Release|Any CPU
		{3DA13ABB-3902-4425-BBD7-4FC6F554F993}.Release|Any CPU.Build.0 = Release|Any CPU
		{3B688544-8E74-4826-8898-A0749CA7456A}.Debug|Any CPU.ActiveCfg = Debug|Any CPU
		{3B688544-8E74-4826-8898-A0749CA7456A}.Debug|Any CPU.Build.0 = Debug|Any CPU
		{3B688544-8E74-4826-8898-A0749CA7456A}.Release|Any CPU.ActiveCfg = Release|Any CPU
		{3B688544-8E74-4826-8898-A0749CA7456A}.Release|Any CPU.Build.0 = Release|Any CPU
		{E699967E-11A2-45FB-ABDD-026A536884A8}.Debug|Any CPU.ActiveCfg = Debug|Any CPU
		{E699967E-11A2-45FB-ABDD-026A536884A8}.Debug|Any CPU.Build.0 = Debug|Any CPU
		{E699967E-11A2-45FB-ABDD-026A536884A8}.Release|Any CPU.ActiveCfg = Release|Any CPU
		{E699967E-11A2-45FB-ABDD-026A536884A8}.Release|Any CPU.Build.0 = Release|Any CPU
	EndGlobalSection
	GlobalSection(SolutionProperties) = preSolution
		HideSolutionNode = FALSE
	EndGlobalSection
EndGlobal
